
Microsoft Visual Studio Solution File, Format Version 12.00
# Visual Studio Version 16
VisualStudioVersion = 16.0.29306.81
MinimumVisualStudioVersion = 10.0.40219.1
Project("{FAE04EC0-301F-11D3-BF4B-00C04F79EFBC}") = "MadWpfBlendBlackJack", "MadWpfBlendBlackJack\MadWpfBlendBlackJack.csproj", "{861B910C-7652-4ECD-BDAA-03733BE9EEF8}"
EndProject
Project("{FAE04EC0-301F-11D3-BF4B-00C04F79EFBC}") = "BlackJackUtilitiesTests", "BlackJackUtilitiesTests\BlackJackUtilitiesTests.csproj", "{A59FDC22-0579-4919-A1D5-C3A6CF7961A2}"
EndProject
Global
	GlobalSection(SolutionConfigurationPlatforms) = preSolution
		Debug|Any CPU = Debug|Any CPU
		Release|Any CPU = Release|Any CPU
	EndGlobalSection
	GlobalSection(ProjectConfigurationPlatforms) = postSolution
		{861B910C-7652-4ECD-BDAA-03733BE9EEF8}.Debug|Any CPU.ActiveCfg = Debug|Any CPU
		{861B910C-7652-4ECD-BDAA-03733BE9EEF8}.Debug|Any CPU.Build.0 = Debug|Any CPU
		{861B910C-7652-4ECD-BDAA-03733BE9EEF8}.Release|Any CPU.ActiveCfg = Release|Any CPU
		{861B910C-7652-4ECD-BDAA-03733BE9EEF8}.Release|Any CPU.Build.0 = Release|Any CPU
		{A59FDC22-0579-4919-A1D5-C3A6CF7961A2}.Debug|Any CPU.ActiveCfg = Debug|Any CPU
		{A59FDC22-0579-4919-A1D5-C3A6CF7961A2}.Debug|Any CPU.Build.0 = Debug|Any CPU
		{A59FDC22-0579-4919-A1D5-C3A6CF7961A2}.Release|Any CPU.ActiveCfg = Release|Any CPU
		{A59FDC22-0579-4919-A1D5-C3A6CF7961A2}.Release|Any CPU.Build.0 = Release|Any CPU
	EndGlobalSection
	GlobalSection(SolutionProperties) = preSolution
		HideSolutionNode = FALSE
	EndGlobalSection
	GlobalSection(ExtensibilityGlobals) = postSolution
		SolutionGuid = {D28489DF-3F37-4AFE-A779-B1026E5287B3}
	EndGlobalSection
EndGlobal
